
Microsoft Visual Studio Solution File, Format Version 12.00
# Visual Studio Version 17
VisualStudioVersion = 17.6.33723.286
MinimumVisualStudioVersion = 10.0.40219.1
Project("{FAE04EC0-301F-11D3-BF4B-00C04F79EFBC}") = "proyecto1", "proyecto1.csproj", "{3EEAEC3D-B983-45A4-BDE8-AC0DADC757F2}"
EndProject
Global
	GlobalSection(SolutionConfigurationPlatforms) = preSolution
		Debug|Any CPU = Debug|Any CPU
		Release|Any CPU = Release|Any CPU
	EndGlobalSection
	GlobalSection(ProjectConfigurationPlatforms) = postSolution
		{3EEAEC3D-B983-45A4-BDE8-AC0DADC757F2}.Debug|Any CPU.ActiveCfg = Debug|Any CPU
		{3EEAEC3D-B983-45A4-BDE8-AC0DADC757F2}.Debug|Any CPU.Build.0 = Debug|Any CPU
		{3EEAEC3D-B983-45A4-BDE8-AC0DADC757F2}.Release|Any CPU.ActiveCfg = Release|Any CPU
		{3EEAEC3D-B983-45A4-BDE8-AC0DADC757F2}.Release|Any CPU.Build.0 = Release|Any CPU
	EndGlobalSection
	GlobalSection(SolutionProperties) = preSolution
		HideSolutionNode = FALSE
	EndGlobalSection
	GlobalSection(ExtensibilityGlobals) = postSolution
		SolutionGuid = {7FB89A02-2429-4B55-9313-14D00824C5A4}
	EndGlobalSection
EndGlobal
